PODS:
  - CalendarDateRangePicker (1.0)

DEPENDENCIES:
  - CalendarDateRangePicker

SPEC REPOS:
  https://github.com/CocoaPods/Specs.git:
    - CalendarDateRangePicker

SPEC CHECKSUMS:
  CalendarDateRangePicker: 16708d89fa135ff5d1ebb9ff7b4d295c59799567

PODFILE CHECKSUM: d2ffe4695b1f1dd50aa1a70159a6da3443427fe2

COCOAPODS: 1.5.0
